{
  "requires": true,
  "lockfileVersion": 1,
  "dependencies": {
    "fis3-postpackager-loader": {
      "version": "2.1.8",
      "resolved": "https://registry.npmjs.org/fis3-postpackager-loader/-/fis3-postpackager-loader-2.1.8.tgz",
      "integrity": "sha1-V+jWxTaBlNKSDFUcb4D+zFmzRlo=",
      "requires": {
        "source-map": "0.5.7"
      }
    },
    "source-map": {
      "version": "0.5.7",
      "resolved": "https://registry.npmjs.org/source-map/-/source-map-0.5.7.tgz",
      "integrity": "sha1-igOdLRAh0i0eoUyA2OpGi6LvP8w="
    }
  }
}
